
Microsoft Visual Studio Solution File, Format Version 12.00
# Visual Studio 14
VisualStudioVersion = 14.0.23107.0
MinimumVisualStudioVersion = 10.0.40219.1
Project("{2150E333-8FDC-42A3-9474-1A3956D46DE8}") = "Solution Items", "Solution Items", "{DE3AA526-5A9D-465A-B9B0-7A07AE6824B5}"
	ProjectSection(SolutionItems) = preProject
		Raspberry.System\global.json = Raspberry.System\global.json
		Icon.png = Icon.png
		Raspberry.System.nuspec = Raspberry.System.nuspec
		README.md = README.md
	EndProjectSection
EndProject
Project("{2150E333-8FDC-42A3-9474-1A3956D46DE8}") = ".nuget", ".nuget", "{9D7C7530-F5CB-49BF-891B-7E1C705510EF}"
	ProjectSection(SolutionItems) = preProject
		.nuget\NuGet.Config = .nuget\NuGet.Config
		.nuget\NuGet.exe = .nuget\NuGet.exe
		.nuget\NuGet.targets = .nuget\NuGet.targets
	EndProjectSection
EndProject
Project("{2150E333-8FDC-42A3-9474-1A3956D46DE8}") = "Tests", "Tests", "{7102091A-58D6-4ACC-90B7-6729AEF0586F}"
EndProject
Project("{8BB2217D-0F2D-49D1-97BC-3654ED321F3B}") = "Raspberry.System", "Raspberry.System\Raspberry.System.xproj", "{D32BBA39-DDB7-42F0-A372-B456C36012F2}"
EndProject
Project("{8BB2217D-0F2D-49D1-97BC-3654ED321F3B}") = "Test.Board", "Test.Board\Test.Board.xproj", "{FE18B349-65D6-4C62-8EBE-BF5BCE9970B2}"
EndProject
Global
	GlobalSection(SolutionConfigurationPlatforms) = preSolution
		Debug|Any CPU = Debug|Any CPU
		Debug|Mixed Platforms = Debug|Mixed Platforms
		Debug|x86 = Debug|x86
		Release|Any CPU = Release|Any CPU
		Release|Mixed Platforms = Release|Mixed Platforms
		Release|x86 = Release|x86
	EndGlobalSection
	GlobalSection(ProjectConfigurationPlatforms) = postSolution
		{D32BBA39-DDB7-42F0-A372-B456C36012F2}.Debug|Any CPU.ActiveCfg = Debug|Any CPU
		{D32BBA39-DDB7-42F0-A372-B456C36012F2}.Debug|Any CPU.Build.0 = Debug|Any CPU
		{D32BBA39-DDB7-42F0-A372-B456C36012F2}.Debug|Mixed Platforms.ActiveCfg = Debug|Any CPU
		{D32BBA39-DDB7-42F0-A372-B456C36012F2}.Debug|Mixed Platforms.Build.0 = Debug|Any CPU
		{D32BBA39-DDB7-42F0-A372-B456C36012F2}.Debug|x86.ActiveCfg = Debug|Any CPU
		{D32BBA39-DDB7-42F0-A372-B456C36012F2}.Debug|x86.Build.0 = Debug|Any CPU
		{D32BBA39-DDB7-42F0-A372-B456C36012F2}.Release|Any CPU.ActiveCfg = Release|Any CPU
		{D32BBA39-DDB7-42F0-A372-B456C36012F2}.Release|Any CPU.Build.0 = Release|Any CPU
		{D32BBA39-DDB7-42F0-A372-B456C36012F2}.Release|Mixed Platforms.ActiveCfg = Release|Any CPU
		{D32BBA39-DDB7-42F0-A372-B456C36012F2}.Release|Mixed Platforms.Build.0 = Release|Any CPU
		{D32BBA39-DDB7-42F0-A372-B456C36012F2}.Release|x86.ActiveCfg = Release|Any CPU
		{D32BBA39-DDB7-42F0-A372-B456C36012F2}.Release|x86.Build.0 = Release|Any CPU
		{FE18B349-65D6-4C62-8EBE-BF5BCE9970B2}.Debug|Any CPU.ActiveCfg = Debug|Any CPU
		{FE18B349-65D6-4C62-8EBE-BF5BCE9970B2}.Debug|Any CPU.Build.0 = Debug|Any CPU
		{FE18B349-65D6-4C62-8EBE-BF5BCE9970B2}.Debug|Mixed Platforms.ActiveCfg = Debug|Any CPU
		{FE18B349-65D6-4C62-8EBE-BF5BCE9970B2}.Debug|Mixed Platforms.Build.0 = Debug|Any CPU
		{FE18B349-65D6-4C62-8EBE-BF5BCE9970B2}.Debug|x86.ActiveCfg = Debug|Any CPU
		{FE18B349-65D6-4C62-8EBE-BF5BCE9970B2}.Debug|x86.Build.0 = Debug|Any CPU
		{FE18B349-65D6-4C62-8EBE-BF5BCE9970B2}.Release|Any CPU.ActiveCfg = Release|Any CPU
		{FE18B349-65D6-4C62-8EBE-BF5BCE9970B2}.Release|Any CPU.Build.0 = Release|Any CPU
		{FE18B349-65D6-4C62-8EBE-BF5BCE9970B2}.Release|Mixed Platforms.ActiveCfg = Release|Any CPU
		{FE18B349-65D6-4C62-8EBE-BF5BCE9970B2}.Release|Mixed Platforms.Build.0 = Release|Any CPU
		{FE18B349-65D6-4C62-8EBE-BF5BCE9970B2}.Release|x86.ActiveCfg = Release|Any CPU
		{FE18B349-65D6-4C62-8EBE-BF5BCE9970B2}.Release|x86.Build.0 = Release|Any CPU
	EndGlobalSection
	GlobalSection(SolutionProperties) = preSolution
		HideSolutionNode = FALSE
	EndGlobalSection
	GlobalSection(NestedProjects) = preSolution
		{FE18B349-65D6-4C62-8EBE-BF5BCE9970B2} = {7102091A-58D6-4ACC-90B7-6729AEF0586F}
	EndGlobalSection
EndGlobal
